
Microsoft Visual Studio Solution File, Format Version 12.00
# Visual Studio 15
VisualStudioVersion = 15.0.26730.16
MinimumVisualStudioVersion = 10.0.40219.1
Project("{8BC9CEB8-8B4A-11D0-8D11-00A0C91BC942}") = "C++Tests", "C++Tests\C++Tests.vcxproj", "{F14FD5B3-EC0F-4A10-BCEF-78832EC74044}"
EndProject
Global
	GlobalSection(SolutionConfigurationPlatforms) = preSolution
		Debug|x64 = Debug|x64
		Debug|x86 = Debug|x86
		Release|x64 = Release|x64
		Release|x86 = Release|x86
	EndGlobalSection
	GlobalSection(ProjectConfigurationPlatforms) = postSolution
		{F14FD5B3-EC0F-4A10-BCEF-78832EC74044}.Debug|x64.ActiveCfg = Debug|x64
		{F14FD5B3-EC0F-4A10-BCEF-78832EC74044}.Debug|x64.Build.0 = Debug|x64
		{F14FD5B3-EC0F-4A10-BCEF-78832EC74044}.Debug|x86.ActiveCfg = Debug|Win32
		{F14FD5B3-EC0F-4A10-BCEF-78832EC74044}.Debug|x86.Build.0 = Debug|Win32
		{F14FD5B3-EC0F-4A10-BCEF-78832EC74044}.Release|x64.ActiveCfg = Release|x64
		{F14FD5B3-EC0F-4A10-BCEF-78832EC74044}.Release|x64.Build.0 = Release|x64
		{F14FD5B3-EC0F-4A10-BCEF-78832EC74044}.Release|x86.ActiveCfg = Release|Win32
		{F14FD5B3-EC0F-4A10-BCEF-78832EC74044}.Release|x86.Build.0 = Release|Win32
	EndGlobalSection
	GlobalSection(SolutionProperties) = preSolution
		HideSolutionNode = FALSE
	EndGlobalSection
	GlobalSection(ExtensibilityGlobals) = postSolution
		SolutionGuid = {BB014EF4-1946-4BA0-B72C-D6F1801CC22A}
	EndGlobalSection
EndGlobal
